
Microsoft Visual Studio Solution File, Format Version 12.00
# Visual Studio 2013
VisualStudioVersion = 12.0.21005.1
MinimumVisualStudioVersion = 10.0.40219.1
Project("{FAE04EC0-301F-11D3-BF4B-00C04F79EFBC}") = "xLabsApp", "xLabsApp\xLabsApp\xLabsApp.csproj", "{4E3F05E0-E892-429E-81EA-C7C1BF0F1A70}"
EndProject
Project("{FAE04EC0-301F-11D3-BF4B-00C04F79EFBC}") = "xLabsApp.iOS", "xLabsApp\xLabsApp.iOS\xLabsApp.iOS.csproj", "{432873EA-692D-4EB3-BAA3-E1C9BCD11FE4}"
EndProject
Project("{FAE04EC0-301F-11D3-BF4B-00C04F79EFBC}") = "xLabsApp.Droid", "xLabsApp\xLabsApp.Droid\xLabsApp.Droid.csproj", "{8159D317-D382-4DB8-8B07-44F5147D9B8A}"
EndProject
Project("{FAE04EC0-301F-11D3-BF4B-00C04F79EFBC}") = "xLabsApp.WinPhone", "xLabsApp\xLabsApp.WinPhone\xLabsApp.WinPhone.csproj", "{57CC0BDB-3B93-49C0-AC84-62E46F60E7AF}"
EndProject
Global
	GlobalSection(SolutionConfigurationPlatforms) = preSolution
		Ad-Hoc|Any CPU = Ad-Hoc|Any CPU
		Ad-Hoc|ARM = Ad-Hoc|ARM
		Ad-Hoc|iPhone = Ad-Hoc|iPhone
		Ad-Hoc|iPhoneSimulator = Ad-Hoc|iPhoneSimulator
		Ad-Hoc|Mixed Platforms = Ad-Hoc|Mixed Platforms
		Ad-Hoc|x86 = Ad-Hoc|x86
		AppStore|Any CPU = AppStore|Any CPU
		AppStore|ARM = AppStore|ARM
		AppStore|iPhone = AppStore|iPhone
		AppStore|iPhoneSimulator = AppStore|iPhoneSimulator
		AppStore|Mixed Platforms = AppStore|Mixed Platforms
		AppStore|x86 = AppStore|x86
		Debug|Any CPU = Debug|Any CPU
		Debug|ARM = Debug|ARM
		Debug|iPhone = Debug|iPhone
		Debug|iPhoneSimulator = Debug|iPhoneSimulator
		Debug|Mixed Platforms = Debug|Mixed Platforms
		Debug|x86 = Debug|x86
		Release|Any CPU = Release|Any CPU
		Release|ARM = Release|ARM
		Release|iPhone = Release|iPhone
		Release|iPhoneSimulator = Release|iPhoneSimulator
		Release|Mixed Platforms = Release|Mixed Platforms
		Release|x86 = Release|x86
	EndGlobalSection
	GlobalSection(ProjectConfigurationPlatforms) = postSolution
		{4E3F05E0-E892-429E-81EA-C7C1BF0F1A70}.Ad-Hoc|Any CPU.ActiveCfg = Release|Any CPU
		{4E3F05E0-E892-429E-81EA-C7C1BF0F1A70}.Ad-Hoc|Any CPU.Build.0 = Release|Any CPU
		{4E3F05E0-E892-429E-81EA-C7C1BF0F1A70}.Ad-Hoc|ARM.ActiveCfg = Release|Any CPU
		{4E3F05E0-E892-429E-81EA-C7C1BF0F1A70}.Ad-Hoc|iPhone.ActiveCfg = Release|Any CPU
		{4E3F05E0-E892-429E-81EA-C7C1BF0F1A70}.Ad-Hoc|iPhoneSimulator.ActiveCfg = Release|Any CPU
		{4E3F05E0-E892-429E-81EA-C7C1BF0F1A70}.Ad-Hoc|Mixed Platforms.ActiveCfg = Release|Any CPU
		{4E3F05E0-E892-429E-81EA-C7C1BF0F1A70}.Ad-Hoc|Mixed Platforms.Build.0 = Release|Any CPU
		{4E3F05E0-E892-429E-81EA-C7C1BF0F1A70}.Ad-Hoc|x86.ActiveCfg = Release|Any CPU
		{4E3F05E0-E892-429E-81EA-C7C1BF0F1A70}.AppStore|Any CPU.ActiveCfg = Release|Any CPU
		{4E3F05E0-E892-429E-81EA-C7C1BF0F1A70}.AppStore|Any CPU.Build.0 = Release|Any CPU
		{4E3F05E0-E892-429E-81EA-C7C1BF0F1A70}.AppStore|ARM.ActiveCfg = Release|Any CPU
		{4E3F05E0-E892-429E-81EA-C7C1BF0F1A70}.AppStore|iPhone.ActiveCfg = Release|Any CPU
		{4E3F05E0-E892-429E-81EA-C7C1BF0F1A70}.AppStore|iPhoneSimulator.ActiveCfg = Release|Any CPU
		{4E3F05E0-E892-429E-81EA-C7C1BF0F1A70}.AppStore|Mixed Platforms.ActiveCfg = Release|Any CPU
		{4E3F05E0-E892-429E-81EA-C7C1BF0F1A70}.AppStore|Mixed Platforms.Build.0 = Release|Any CPU
		{4E3F05E0-E892-429E-81EA-C7C1BF0F1A70}.AppStore|x86.ActiveCfg = Release|Any CPU
		{4E3F05E0-E892-429E-81EA-C7C1BF0F1A70}.Debug|Any CPU.ActiveCfg = Debug|Any CPU
		{4E3F05E0-E892-429E-81EA-C7C1BF0F1A70}.Debug|Any CPU.Build.0 = Debug|Any CPU
		{4E3F05E0-E892-429E-81EA-C7C1BF0F1A70}.Debug|ARM.ActiveCfg = Debug|Any CPU
		{4E3F05E0-E892-429E-81EA-C7C1BF0F1A70}.Debug|iPhone.ActiveCfg = Debug|Any CPU
		{4E3F05E0-E892-429E-81EA-C7C1BF0F1A70}.Debug|iPhoneSimulator.ActiveCfg = Debug|Any CPU
		{4E3F05E0-E892-429E-81EA-C7C1BF0F1A70}.Debug|Mixed Platforms.ActiveCfg = Debug|Any CPU
		{4E3F05E0-E892-429E-81EA-C7C1BF0F1A70}.Debug|Mixed Platforms.Build.0 = Debug|Any CPU
		{4E3F05E0-E892-429E-81EA-C7C1BF0F1A70}.Debug|x86.ActiveCfg = Debug|Any CPU
		{4E3F05E0-E892-429E-81EA-C7C1BF0F1A70}.Release|Any CPU.ActiveCfg = Release|Any CPU
		{4E3F05E0-E892-429E-81EA-C7C1BF0F1A70}.Release|Any CPU.Build.0 = Release|Any CPU
		{4E3F05E0-E892-429E-81EA-C7C1BF0F1A70}.Release|ARM.ActiveCfg = Release|Any CPU
		{4E3F05E0-E892-429E-81EA-C7C1BF0F1A70}.Release|iPhone.ActiveCfg = Release|Any CPU
		{4E3F05E0-E892-429E-81EA-C7C1BF0F1A70}.Release|iPhoneSimulator.ActiveCfg = Release|Any CPU
		{4E3F05E0-E892-429E-81EA-C7C1BF0F1A70}.Release|Mixed Platforms.ActiveCfg = Release|Any CPU
		{4E3F05E0-E892-429E-81EA-C7C1BF0F1A70}.Release|Mixed Platforms.Build.0 = Release|Any CPU
		{4E3F05E0-E892-429E-81EA-C7C1BF0F1A70}.Release|x86.ActiveCfg = Release|Any CPU
		{432873EA-692D-4EB3-BAA3-E1C9BCD11FE4}.Ad-Hoc|Any CPU.ActiveCfg = Ad-Hoc|iPhone
		{432873EA-692D-4EB3-BAA3-E1C9BCD11FE4}.Ad-Hoc|ARM.ActiveCfg = Ad-Hoc|iPhone
		{432873EA-692D-4EB3-BAA3-E1C9BCD11FE4}.Ad-Hoc|iPhone.ActiveCfg = Ad-Hoc|iPhone
		{432873EA-692D-4EB3-BAA3-E1C9BCD11FE4}.Ad-Hoc|iPhone.Build.0 = Ad-Hoc|iPhone
		{432873EA-692D-4EB3-BAA3-E1C9BCD11FE4}.Ad-Hoc|iPhoneSimulator.ActiveCfg = Ad-Hoc|iPhoneSimulator
		{432873EA-692D-4EB3-BAA3-E1C9BCD11FE4}.Ad-Hoc|iPhoneSimulator.Build.0 = Ad-Hoc|iPhoneSimulator
		{432873EA-692D-4EB3-BAA3-E1C9BCD11FE4}.Ad-Hoc|Mixed Platforms.ActiveCfg = Ad-Hoc|iPhone
		{432873EA-692D-4EB3-BAA3-E1C9BCD11FE4}.Ad-Hoc|Mixed Platforms.Build.0 = Ad-Hoc|iPhone
		{432873EA-692D-4EB3-BAA3-E1C9BCD11FE4}.Ad-Hoc|x86.ActiveCfg = Ad-Hoc|iPhone
		{432873EA-692D-4EB3-BAA3-E1C9BCD11FE4}.AppStore|Any CPU.ActiveCfg = AppStore|iPhone
		{432873EA-692D-4EB3-BAA3-E1C9BCD11FE4}.AppStore|ARM.ActiveCfg = AppStore|iPhone
		{432873EA-692D-4EB3-BAA3-E1C9BCD11FE4}.AppStore|iPhone.ActiveCfg = AppStore|iPhone
		{432873EA-692D-4EB3-BAA3-E1C9BCD11FE4}.AppStore|iPhone.Build.0 = AppStore|iPhone
		{432873EA-692D-4EB3-BAA3-E1C9BCD11FE4}.AppStore|iPhoneSimulator.ActiveCfg = AppStore|iPhoneSimulator
		{432873EA-692D-4EB3-BAA3-E1C9BCD11FE4}.AppStore|iPhoneSimulator.Build.0 = AppStore|iPhoneSimulator
		{432873EA-692D-4EB3-BAA3-E1C9BCD11FE4}.AppStore|Mixed Platforms.ActiveCfg = AppStore|iPhone
		{432873EA-692D-4EB3-BAA3-E1C9BCD11FE4}.AppStore|Mixed Platforms.Build.0 = AppStore|iPhone
		{432873EA-692D-4EB3-BAA3-E1C9BCD11FE4}.AppStore|x86.ActiveCfg = AppStore|iPhone
		{432873EA-692D-4EB3-BAA3-E1C9BCD11FE4}.Debug|Any CPU.ActiveCfg = Debug|iPhone
		{432873EA-692D-4EB3-BAA3-E1C9BCD11FE4}.Debug|Any CPU.Build.0 = Debug|iPhone
		{432873EA-692D-4EB3-BAA3-E1C9BCD11FE4}.Debug|ARM.ActiveCfg = Debug|iPhone
		{432873EA-692D-4EB3-BAA3-E1C9BCD11FE4}.Debug|iPhone.ActiveCfg = Debug|iPhone
		{432873EA-692D-4EB3-BAA3-E1C9BCD11FE4}.Debug|iPhone.Build.0 = Debug|iPhone
		{432873EA-692D-4EB3-BAA3-E1C9BCD11FE4}.Debug|iPhoneSimulator.ActiveCfg = Debug|iPhoneSimulator
		{432873EA-692D-4EB3-BAA3-E1C9BCD11FE4}.Debug|iPhoneSimulator.Build.0 = Debug|iPhoneSimulator
		{432873EA-692D-4EB3-BAA3-E1C9BCD11FE4}.Debug|Mixed Platforms.ActiveCfg = Debug|iPhone
		{432873EA-692D-4EB3-BAA3-E1C9BCD11FE4}.Debug|Mixed Platforms.Build.0 = Debug|iPhone
		{432873EA-692D-4EB3-BAA3-E1C9BCD11FE4}.Debug|x86.ActiveCfg = Debug|iPhone
		{432873EA-692D-4EB3-BAA3-E1C9BCD11FE4}.Release|Any CPU.ActiveCfg = Release|iPhone
		{432873EA-692D-4EB3-BAA3-E1C9BCD11FE4}.Release|ARM.ActiveCfg = Release|iPhone
		{432873EA-692D-4EB3-BAA3-E1C9BCD11FE4}.Release|iPhone.ActiveCfg = Release|iPhone
		{432873EA-692D-4EB3-BAA3-E1C9BCD11FE4}.Release|iPhone.Build.0 = Release|iPhone
		{432873EA-692D-4EB3-BAA3-E1C9BCD11FE4}.Release|iPhoneSimulator.ActiveCfg = Release|iPhoneSimulator
		{432873EA-692D-4EB3-BAA3-E1C9BCD11FE4}.Release|iPhoneSimulator.Build.0 = Release|iPhoneSimulator
		{432873EA-692D-4EB3-BAA3-E1C9BCD11FE4}.Release|Mixed Platforms.ActiveCfg = Release|iPhone
		{432873EA-692D-4EB3-BAA3-E1C9BCD11FE4}.Release|Mixed Platforms.Build.0 = Release|iPhone
		{432873EA-692D-4EB3-BAA3-E1C9BCD11FE4}.Release|x86.ActiveCfg = Release|iPhone
		{8159D317-D382-4DB8-8B07-44F5147D9B8A}.Ad-Hoc|Any CPU.ActiveCfg = Release|Any CPU
		{8159D317-D382-4DB8-8B07-44F5147D9B8A}.Ad-Hoc|Any CPU.Build.0 = Release|Any CPU
		{8159D317-D382-4DB8-8B07-44F5147D9B8A}.Ad-Hoc|Any CPU.Deploy.0 = Release|Any CPU
		{8159D317-D382-4DB8-8B07-44F5147D9B8A}.Ad-Hoc|ARM.ActiveCfg = Release|Any CPU
		{8159D317-D382-4DB8-8B07-44F5147D9B8A}.Ad-Hoc|iPhone.ActiveCfg = Release|Any CPU
		{8159D317-D382-4DB8-8B07-44F5147D9B8A}.Ad-Hoc|iPhoneSimulator.ActiveCfg = Release|Any CPU
		{8159D317-D382-4DB8-8B07-44F5147D9B8A}.Ad-Hoc|Mixed Platforms.ActiveCfg = Release|Any CPU
		{8159D317-D382-4DB8-8B07-44F5147D9B8A}.Ad-Hoc|Mixed Platforms.Build.0 = Release|Any CPU
		{8159D317-D382-4DB8-8B07-44F5147D9B8A}.Ad-Hoc|Mixed Platforms.Deploy.0 = Release|Any CPU
		{8159D317-D382-4DB8-8B07-44F5147D9B8A}.Ad-Hoc|x86.ActiveCfg = Release|Any CPU
		{8159D317-D382-4DB8-8B07-44F5147D9B8A}.AppStore|Any CPU.ActiveCfg = Release|Any CPU
		{8159D317-D382-4DB8-8B07-44F5147D9B8A}.AppStore|Any CPU.Build.0 = Release|Any CPU
		{8159D317-D382-4DB8-8B07-44F5147D9B8A}.AppStore|Any CPU.Deploy.0 = Release|Any CPU
		{8159D317-D382-4DB8-8B07-44F5147D9B8A}.AppStore|ARM.ActiveCfg = Release|Any CPU
		{8159D317-D382-4DB8-8B07-44F5147D9B8A}.AppStore|iPhone.ActiveCfg = Release|Any CPU
		{8159D317-D382-4DB8-8B07-44F5147D9B8A}.AppStore|iPhoneSimulator.ActiveCfg = Release|Any CPU
		{8159D317-D382-4DB8-8B07-44F5147D9B8A}.AppStore|Mixed Platforms.ActiveCfg = Release|Any CPU
		{8159D317-D382-4DB8-8B07-44F5147D9B8A}.AppStore|Mixed Platforms.Build.0 = Release|Any CPU
		{8159D317-D382-4DB8-8B07-44F5147D9B8A}.AppStore|Mixed Platforms.Deploy.0 = Release|Any CPU
		{8159D317-D382-4DB8-8B07-44F5147D9B8A}.AppStore|x86.ActiveCfg = Release|Any CPU
		{8159D317-D382-4DB8-8B07-44F5147D9B8A}.Debug|Any CPU.ActiveCfg = Debug|Any CPU
		{8159D317-D382-4DB8-8B07-44F5147D9B8A}.Debug|Any CPU.Build.0 = Debug|Any CPU
		{8159D317-D382-4DB8-8B07-44F5147D9B8A}.Debug|Any CPU.Deploy.0 = Debug|Any CPU
		{8159D317-D382-4DB8-8B07-44F5147D9B8A}.Debug|ARM.ActiveCfg = Debug|Any CPU
		{8159D317-D382-4DB8-8B07-44F5147D9B8A}.Debug|iPhone.ActiveCfg = Debug|Any CPU
		{8159D317-D382-4DB8-8B07-44F5147D9B8A}.Debug|iPhoneSimulator.ActiveCfg = Debug|Any CPU
		{8159D317-D382-4DB8-8B07-44F5147D9B8A}.Debug|Mixed Platforms.ActiveCfg = Debug|Any CPU
		{8159D317-D382-4DB8-8B07-44F5147D9B8A}.Debug|Mixed Platforms.Build.0 = Debug|Any CPU
		{8159D317-D382-4DB8-8B07-44F5147D9B8A}.Debug|Mixed Platforms.Deploy.0 = Debug|Any CPU
		{8159D317-D382-4DB8-8B07-44F5147D9B8A}.Debug|x86.ActiveCfg = Debug|Any CPU
		{8159D317-D382-4DB8-8B07-44F5147D9B8A}.Release|Any CPU.ActiveCfg = Release|Any CPU
		{8159D317-D382-4DB8-8B07-44F5147D9B8A}.Release|Any CPU.Build.0 = Release|Any CPU
		{8159D317-D382-4DB8-8B07-44F5147D9B8A}.Release|Any CPU.Deploy.0 = Release|Any CPU
		{8159D317-D382-4DB8-8B07-44F5147D9B8A}.Release|ARM.ActiveCfg = Release|Any CPU
		{8159D317-D382-4DB8-8B07-44F5147D9B8A}.Release|iPhone.ActiveCfg = Release|Any CPU
		{8159D317-D382-4DB8-8B07-44F5147D9B8A}.Release|iPhoneSimulator.ActiveCfg = Release|Any CPU
		{8159D317-D382-4DB8-8B07-44F5147D9B8A}.Release|Mixed Platforms.ActiveCfg = Release|Any CPU
		{8159D317-D382-4DB8-8B07-44F5147D9B8A}.Release|Mixed Platforms.Build.0 = Release|Any CPU
		{8159D317-D382-4DB8-8B07-44F5147D9B8A}.Release|Mixed Platforms.Deploy.0 = Release|Any CPU
		{8159D317-D382-4DB8-8B07-44F5147D9B8A}.Release|x86.ActiveCfg = Release|Any CPU
		{57CC0BDB-3B93-49C0-AC84-62E46F60E7AF}.Ad-Hoc|Any CPU.ActiveCfg = Release|Any CPU
		{57CC0BDB-3B93-49C0-AC84-62E46F60E7AF}.Ad-Hoc|Any CPU.Build.0 = Release|Any CPU
		{57CC0BDB-3B93-49C0-AC84-62E46F60E7AF}.Ad-Hoc|Any CPU.Deploy.0 = Release|Any CPU
		{57CC0BDB-3B93-49C0-AC84-62E46F60E7AF}.Ad-Hoc|ARM.ActiveCfg = Release|ARM
		{57CC0BDB-3B93-49C0-AC84-62E46F60E7AF}.Ad-Hoc|ARM.Build.0 = Release|ARM
		{57CC0BDB-3B93-49C0-AC84-62E46F60E7AF}.Ad-Hoc|ARM.Deploy.0 = Release|ARM
		{57CC0BDB-3B93-49C0-AC84-62E46F60E7AF}.Ad-Hoc|iPhone.ActiveCfg = Release|Any CPU
		{57CC0BDB-3B93-49C0-AC84-62E46F60E7AF}.Ad-Hoc|iPhoneSimulator.ActiveCfg = Release|Any CPU
		{57CC0BDB-3B93-49C0-AC84-62E46F60E7AF}.Ad-Hoc|Mixed Platforms.ActiveCfg = Release|x86
		{57CC0BDB-3B93-49C0-AC84-62E46F60E7AF}.Ad-Hoc|Mixed Platforms.Build.0 = Release|x86
		{57CC0BDB-3B93-49C0-AC84-62E46F60E7AF}.Ad-Hoc|Mixed Platforms.Deploy.0 = Release|x86
		{57CC0BDB-3B93-49C0-AC84-62E46F60E7AF}.Ad-Hoc|x86.ActiveCfg = Release|x86
		{57CC0BDB-3B93-49C0-AC84-62E46F60E7AF}.Ad-Hoc|x86.Build.0 = Release|x86
		{57CC0BDB-3B93-49C0-AC84-62E46F60E7AF}.Ad-Hoc|x86.Deploy.0 = Release|x86
		{57CC0BDB-3B93-49C0-AC84-62E46F60E7AF}.AppStore|Any CPU.ActiveCfg = Release|Any CPU
		{57CC0BDB-3B93-49C0-AC84-62E46F60E7AF}.AppStore|Any CPU.Build.0 = Release|Any CPU
		{57CC0BDB-3B93-49C0-AC84-62E46F60E7AF}.AppStore|Any CPU.Deploy.0 = Release|Any CPU
		{57CC0BDB-3B93-49C0-AC84-62E46F60E7AF}.AppStore|ARM.ActiveCfg = Release|ARM
		{57CC0BDB-3B93-49C0-AC84-62E46F60E7AF}.AppStore|ARM.Build.0 = Release|ARM
		{57CC0BDB-3B93-49C0-AC84-62E46F60E7AF}.AppStore|ARM.Deploy.0 = Release|ARM
		{57CC0BDB-3B93-49C0-AC84-62E46F60E7AF}.AppStore|iPhone.ActiveCfg = Release|Any CPU
		{57CC0BDB-3B93-49C0-AC84-62E46F60E7AF}.AppStore|iPhoneSimulator.ActiveCfg = Release|Any CPU
		{57CC0BDB-3B93-49C0-AC84-62E46F60E7AF}.AppStore|Mixed Platforms.ActiveCfg = Release|x86
		{57CC0BDB-3B93-49C0-AC84-62E46F60E7AF}.AppStore|Mixed Platforms.Build.0 = Release|x86
		{57CC0BDB-3B93-49C0-AC84-62E46F60E7AF}.AppStore|Mixed Platforms.Deploy.0 = Release|x86
		{57CC0BDB-3B93-49C0-AC84-62E46F60E7AF}.AppStore|x86.ActiveCfg = Release|x86
		{57CC0BDB-3B93-49C0-AC84-62E46F60E7AF}.AppStore|x86.Build.0 = Release|x86
		{57CC0BDB-3B93-49C0-AC84-62E46F60E7AF}.AppStore|x86.Deploy.0 = Release|x86
		{57CC0BDB-3B93-49C0-AC84-62E46F60E7AF}.Debug|Any CPU.ActiveCfg = Debug|Any CPU
		{57CC0BDB-3B93-49C0-AC84-62E46F60E7AF}.Debug|Any CPU.Build.0 = Debug|Any CPU
		{57CC0BDB-3B93-49C0-AC84-62E46F60E7AF}.Debug|Any CPU.Deploy.0 = Debug|Any CPU
		{57CC0BDB-3B93-49C0-AC84-62E46F60E7AF}.Debug|ARM.ActiveCfg = Debug|ARM
		{57CC0BDB-3B93-49C0-AC84-62E46F60E7AF}.Debug|ARM.Build.0 = Debug|ARM
		{57CC0BDB-3B93-49C0-AC84-62E46F60E7AF}.Debug|ARM.Deploy.0 = Debug|ARM
		{57CC0BDB-3B93-49C0-AC84-62E46F60E7AF}.Debug|iPhone.ActiveCfg = Debug|Any CPU
		{57CC0BDB-3B93-49C0-AC84-62E46F60E7AF}.Debug|iPhoneSimulator.ActiveCfg = Debug|Any CPU
		{57CC0BDB-3B93-49C0-AC84-62E46F60E7AF}.Debug|Mixed Platforms.ActiveCfg = Debug|x86
		{57CC0BDB-3B93-49C0-AC84-62E46F60E7AF}.Debug|Mixed Platforms.Build.0 = Debug|x86
		{57CC0BDB-3B93-49C0-AC84-62E46F60E7AF}.Debug|Mixed Platforms.Deploy.0 = Debug|x86
		{57CC0BDB-3B93-49C0-AC84-62E46F60E7AF}.Debug|x86.ActiveCfg = Debug|x86
		{57CC0BDB-3B93-49C0-AC84-62E46F60E7AF}.Debug|x86.Build.0 = Debug|x86
		{57CC0BDB-3B93-49C0-AC84-62E46F60E7AF}.Debug|x86.Deploy.0 = Debug|x86
		{57CC0BDB-3B93-49C0-AC84-62E46F60E7AF}.Release|Any CPU.ActiveCfg = Release|Any CPU
		{57CC0BDB-3B93-49C0-AC84-62E46F60E7AF}.Release|Any CPU.Build.0 = Release|Any CPU
		{57CC0BDB-3B93-49C0-AC84-62E46F60E7AF}.Release|Any CPU.Deploy.0 = Release|Any CPU
		{57CC0BDB-3B93-49C0-AC84-62E46F60E7AF}.Release|ARM.ActiveCfg = Release|ARM
		{57CC0BDB-3B93-49C0-AC84-62E46F60E7AF}.Release|ARM.Build.0 = Release|ARM
		{57CC0BDB-3B93-49C0-AC84-62E46F60E7AF}.Release|ARM.Deploy.0 = Release|ARM
		{57CC0BDB-3B93-49C0-AC84-62E46F60E7AF}.Release|iPhone.ActiveCfg = Release|Any CPU
		{57CC0BDB-3B93-49C0-AC84-62E46F60E7AF}.Release|iPhoneSimulator.ActiveCfg = Release|Any CPU
		{57CC0BDB-3B93-49C0-AC84-62E46F60E7AF}.Release|Mixed Platforms.ActiveCfg = Release|x86
		{57CC0BDB-3B93-49C0-AC84-62E46F60E7AF}.Release|Mixed Platforms.Build.0 = Release|x86
		{57CC0BDB-3B93-49C0-AC84-62E46F60E7AF}.Release|Mixed Platforms.Deploy.0 = Release|x86
		{57CC0BDB-3B93-49C0-AC84-62E46F60E7AF}.Release|x86.ActiveCfg = Release|x86
		{57CC0BDB-3B93-49C0-AC84-62E46F60E7AF}.Release|x86.Build.0 = Release|x86
		{57CC0BDB-3B93-49C0-AC84-62E46F60E7AF}.Release|x86.Deploy.0 = Release|x86
	EndGlobalSection
	GlobalSection(SolutionProperties) = preSolution
		HideSolutionNode = FALSE
	EndGlobalSection
EndGlobal
